{
  "version": 4,
  "terraform_version": "1.3.9",
  "serial": 89,
  "lineage": "3dffaf9a-57c3-2764-e623-17e9a45e1c7c",
  "outputs": {
    "external_ip_address_apache": {
      "value": "158.160.55.126",
      "type": "string"
    },
    "external_ip_address_vm_1": {
      "value": "62.84.112.112",
      "type": "string"
    },
    "internal_ip_address_apache": {
      "value": "192.168.11.8",
      "type": "string"
    },
    "internal_ip_address_vm_1": {
      "value": "192.168.10.4",
      "type": "string"
    }
  },
  "resources": [
    {
      "mode": "data",
      "type": "yandex_compute_image",
      "name": "my_image",
      "provider": "provider[\"registry.terraform.io/yandex-cloud/yandex\"]",
      "instances": [
        {
          "schema_version": 0,
          "attributes": {
            "created_at": "2023-01-09T10:49:20Z",
            "description": "LEMP",
            "family": "lemp",
            "folder_id": "standard-images",
            "id": "fd8movi7o1ofl59h1uu9",
            "image_id": "fd8movi7o1ofl59h1uu9",
            "labels": {},
            "min_disk_size": 3,
            "name": "lemp-v20230109",
            "os_type": "linux",
            "pooled": true,
            "product_ids": [
              "f2e3bo50qgpojmcrjc24",
              "f2ecuahc0uu2hkanviqk"
            ],
            "size": 2,
            "status": "ready"
          },
          "sensitive_attributes": []
        }
      ]
    },
    {
      "mode": "managed",
      "type": "yandex_compute_instance",
      "name": "apache",
      "provider": "provider[\"registry.terraform.io/yandex-cloud/yandex\"]",
      "instances": [
        {
          "schema_version": 1,
          "attributes": {
            "allow_recreate": null,
            "allow_stopping_for_update": null,
            "boot_disk": [
              {
                "auto_delete": true,
                "device_name": "fhmeesdha1ig88du32tl",
                "disk_id": "fhmeesdha1ig88du32tl",
                "initialize_params": [
                  {
                    "block_size": 4096,
                    "description": "",
                    "image_id": "fd83hhoi03ga5bsau95m",
                    "name": "",
                    "size": 3,
                    "snapshot_id": "",
                    "type": "network-hdd"
                  }
                ],
                "mode": "READ_WRITE"
              }
            ],
            "created_at": "2023-03-14T10:04:58Z",
            "description": "",
            "filesystem": [],
            "folder_id": "b1gruuo73ondr1kpq56n",
            "fqdn": "fhm17bai9ug3tlmenc9q.auto.internal",
            "hostname": "",
            "id": "fhm17bai9ug3tlmenc9q",
            "labels": {},
            "local_disk": [],
            "metadata": {
              "ssh-keys": "ubuntu:ssh-rsa AAAAB3NzaC1yc2EAAAADAQABAAABgQD3oJ6kzY6yOfEuGXesDdLqASeiYvGx+9QcYBykEm2bPZXhUy9hH1QwKe7lxol747TM68Pu6nHAHic1NZ85wUcWUKXw2KomwoobX+nof+y29DDrOhEAPlKFGh9X9XbZqzCbpjtVbjGwDx5a8qhhADbiHzD4dL9wG5+pC/F+7lGt1BInXeV0Nwqd1QHgsJvrZJAoXD4rqONnOCwgcKv6iVSWInPuZTN5l1OvbP4pFyY5vt2JcgDlTA653DB6iJe++1UPLCopLn4ZBvzmyXdxQKijBSoA3sAfEi2ej/WzusXe2y9/XXbxXIwm3ss8/JnA4dl5ppp3Z/x1U5gnYULPsOcXbRsA5xJqpp6lxdnARriMKY3CIwusHzP9PpyPtwXVcWVMCZR3xv1sw2dp9nVm9eUn7/Uz7emfYNLlDUmNCrY/SeQJUz3ok6LOmGpVpoYUNiNuRe1CzVjF0kvP3hHCPUdfIsSEQMiutctGc9p87y8jZS/TU0fgWDEGg7wkHIr19Tk= ruslan@DESKTOP-HCNIG7U\r\n"
            },
            "metadata_options": [
              {
                "aws_v1_http_endpoint": 1,
                "aws_v1_http_token": 2,
                "gce_http_endpoint": 1,
                "gce_http_token": 1
              }
            ],
            "name": "apache",
            "network_acceleration_type": "standard",
            "network_interface": [
              {
                "dns_record": [],
                "index": 0,
                "ip_address": "192.168.11.8",
                "ipv4": true,
                "ipv6": false,
                "ipv6_address": "",
                "ipv6_dns_record": [],
                "mac_address": "d0:0d:13:ad:52:4f",
                "nat": true,
                "nat_dns_record": [],
                "nat_ip_address": "158.160.55.126",
                "nat_ip_version": "IPV4",
                "security_group_ids": [],
                "subnet_id": "e9bc9sk320goh36c36bv"
              }
            ],
            "placement_policy": [
              {
                "host_affinity_rules": [],
                "placement_group_id": ""
              }
            ],
            "platform_id": "standard-v1",
            "resources": [
              {
                "core_fraction": 100,
                "cores": 2,
                "gpus": 0,
                "memory": 2
              }
            ],
            "scheduling_policy": [
              {
                "preemptible": false
              }
            ],
            "secondary_disk": [],
            "service_account_id": "",
            "status": "running",
            "timeouts": null,
            "zone": "ru-central1-a"
          },
          "sensitive_attributes": [],
          "private": "eyJlMmJmYjczMC1lY2FhLTExZTYtOGY4OC0zNDM2M2JjN2M0YzAiOnsiY3JlYXRlIjozMDAwMDAwMDAwMDAsImRlbGV0ZSI6MzAwMDAwMDAwMDAwLCJ1cGRhdGUiOjMwMDAwMDAwMDAwMH0sInNjaGVtYV92ZXJzaW9uIjoiMSJ9",
          "dependencies": [
            "yandex_vpc_network.labnet",
            "yandex_vpc_subnet.lab-subnet-b"
          ]
        }
      ]
    },
    {
      "mode": "managed",
      "type": "yandex_compute_instance",
      "name": "test",
      "provider": "provider[\"registry.terraform.io/yandex-cloud/yandex\"]",
      "instances": [
        {
          "schema_version": 1,
          "attributes": {
            "allow_recreate": null,
            "allow_stopping_for_update": null,
            "boot_disk": [
              {
                "auto_delete": true,
                "device_name": "fhmf1at5dm6ackqk5u27",
                "disk_id": "fhmf1at5dm6ackqk5u27",
                "initialize_params": [
                  {
                    "block_size": 4096,
                    "description": "",
                    "image_id": "fd8movi7o1ofl59h1uu9",
                    "name": "",
                    "size": 3,
                    "snapshot_id": "",
                    "type": "network-hdd"
                  }
                ],
                "mode": "READ_WRITE"
              }
            ],
            "created_at": "2023-03-13T18:03:27Z",
            "description": "",
            "filesystem": [],
            "folder_id": "b1gruuo73ondr1kpq56n",
            "fqdn": "fhmu8inp057jck10ismp.auto.internal",
            "hostname": "",
            "id": "fhmu8inp057jck10ismp",
            "labels": {},
            "local_disk": [],
            "metadata": {
              "ssh-keys": "ubuntu:ssh-rsa AAAAB3NzaC1yc2EAAAADAQABAAABgQD3oJ6kzY6yOfEuGXesDdLqASeiYvGx+9QcYBykEm2bPZXhUy9hH1QwKe7lxol747TM68Pu6nHAHic1NZ85wUcWUKXw2KomwoobX+nof+y29DDrOhEAPlKFGh9X9XbZqzCbpjtVbjGwDx5a8qhhADbiHzD4dL9wG5+pC/F+7lGt1BInXeV0Nwqd1QHgsJvrZJAoXD4rqONnOCwgcKv6iVSWInPuZTN5l1OvbP4pFyY5vt2JcgDlTA653DB6iJe++1UPLCopLn4ZBvzmyXdxQKijBSoA3sAfEi2ej/WzusXe2y9/XXbxXIwm3ss8/JnA4dl5ppp3Z/x1U5gnYULPsOcXbRsA5xJqpp6lxdnARriMKY3CIwusHzP9PpyPtwXVcWVMCZR3xv1sw2dp9nVm9eUn7/Uz7emfYNLlDUmNCrY/SeQJUz3ok6LOmGpVpoYUNiNuRe1CzVjF0kvP3hHCPUdfIsSEQMiutctGc9p87y8jZS/TU0fgWDEGg7wkHIr19Tk= ruslan@DESKTOP-HCNIG7U\r\n"
            },
            "metadata_options": [
              {
                "aws_v1_http_endpoint": 1,
                "aws_v1_http_token": 2,
                "gce_http_endpoint": 1,
                "gce_http_token": 1
              }
            ],
            "name": "testmachine",
            "network_acceleration_type": "standard",
            "network_interface": [
              {
                "dns_record": [],
                "index": 0,
                "ip_address": "192.168.10.4",
                "ipv4": true,
                "ipv6": false,
                "ipv6_address": "",
                "ipv6_dns_record": [],
                "mac_address": "d0:0d:1e:44:af:90",
                "nat": true,
                "nat_dns_record": [],
                "nat_ip_address": "62.84.112.112",
                "nat_ip_version": "IPV4",
                "security_group_ids": [],
                "subnet_id": "e9b1l57mp13cpl8nb89b"
              }
            ],
            "placement_policy": [
              {
                "host_affinity_rules": [],
                "placement_group_id": ""
              }
            ],
            "platform_id": "standard-v1",
            "resources": [
              {
                "core_fraction": 100,
                "cores": 2,
                "gpus": 0,
                "memory": 2
              }
            ],
            "scheduling_policy": [
              {
                "preemptible": false
              }
            ],
            "secondary_disk": [],
            "service_account_id": "",
            "status": "running",
            "timeouts": null,
            "zone": "ru-central1-a"
          },
          "sensitive_attributes": [],
          "private": "eyJlMmJmYjczMC1lY2FhLTExZTYtOGY4OC0zNDM2M2JjN2M0YzAiOnsiY3JlYXRlIjozMDAwMDAwMDAwMDAsImRlbGV0ZSI6MzAwMDAwMDAwMDAwLCJ1cGRhdGUiOjMwMDAwMDAwMDAwMH0sInNjaGVtYV92ZXJzaW9uIjoiMSJ9",
          "dependencies": [
            "data.yandex_compute_image.my_image",
            "yandex_vpc_network.labnet",
            "yandex_vpc_subnet.lab-subnet-a"
          ]
        }
      ]
    },
    {
      "mode": "managed",
      "type": "yandex_lb_network_load_balancer",
      "name": "internallb_test",
      "provider": "provider[\"registry.terraform.io/yandex-cloud/yandex\"]",
      "instances": [
        {
          "schema_version": 0,
          "attributes": {
            "attached_target_group": [
              {
                "healthcheck": [
                  {
                    "healthy_threshold": 2,
                    "http_options": [
                      {
                        "path": "",
                        "port": 80
                      }
                    ],
                    "interval": 2,
                    "name": "http",
                    "tcp_options": [],
                    "timeout": 1,
                    "unhealthy_threshold": 2
                  }
                ],
                "target_group_id": "enpgmh31bvkesa3vv009"
              }
            ],
            "created_at": "2023-03-14T12:02:24Z",
            "deletion_protection": false,
            "description": "",
            "folder_id": "b1gruuo73ondr1kpq56n",
            "id": "enpjbvbh4njmtffgt61o",
            "labels": {},
            "listener": [
              {
                "external_address_spec": [],
                "internal_address_spec": [
                  {
                    "address": "192.168.10.6",
                    "ip_version": "ipv4",
                    "subnet_id": "e9b1l57mp13cpl8nb89b"
                  }
                ],
                "name": "my-listener",
                "port": 80,
                "protocol": "tcp",
                "target_port": 80
              }
            ],
            "name": "internallbtest",
            "region_id": "ru-central1",
            "timeouts": null,
            "type": "internal"
          },
          "sensitive_attributes": [],
          "private": "eyJlMmJmYjczMC1lY2FhLTExZTYtOGY4OC0zNDM2M2JjN2M0YzAiOnsiY3JlYXRlIjozMDAwMDAwMDAwMDAsImRlbGV0ZSI6MzAwMDAwMDAwMDAwLCJ1cGRhdGUiOjMwMDAwMDAwMDAwMH19",
          "dependencies": [
            "yandex_lb_target_group.target"
          ]
        }
      ]
    },
    {
      "mode": "managed",
      "type": "yandex_lb_target_group",
      "name": "target",
      "provider": "provider[\"registry.terraform.io/yandex-cloud/yandex\"]",
      "instances": [
        {
          "schema_version": 0,
          "attributes": {
            "created_at": "2023-03-14T14:54:31Z",
            "description": "",
            "folder_id": "b1gruuo73ondr1kpq56n",
            "id": "enpgmh31bvkesa3vv009",
            "labels": {},
            "name": "my-target-group",
            "region_id": "ru-central1",
            "target": [
              {
                "address": "192.168.10.4",
                "subnet_id": "e9b1l57mp13cpl8nb89b"
              },
              {
                "address": "192.168.11.8",
                "subnet_id": "e9bc9sk320goh36c36bv"
              }
            ],
            "timeouts": null
          },
          "sensitive_attributes": [],
          "private": "eyJlMmJmYjczMC1lY2FhLTExZTYtOGY4OC0zNDM2M2JjN2M0YzAiOnsiY3JlYXRlIjozMDAwMDAwMDAwMDAsImRlbGV0ZSI6MzAwMDAwMDAwMDAwLCJ1cGRhdGUiOjMwMDAwMDAwMDAwMH19",
          "dependencies": [
            "data.yandex_compute_image.my_image",
            "yandex_compute_instance.apache",
            "yandex_compute_instance.test",
            "yandex_vpc_network.labnet",
            "yandex_vpc_subnet.lab-subnet-a",
            "yandex_vpc_subnet.lab-subnet-b"
          ]
        }
      ]
    },
    {
      "mode": "managed",
      "type": "yandex_vpc_network",
      "name": "labnet",
      "provider": "provider[\"registry.terraform.io/yandex-cloud/yandex\"]",
      "instances": [
        {
          "schema_version": 0,
          "attributes": {
            "created_at": "2023-03-13T16:17:26Z",
            "default_security_group_id": "",
            "description": "",
            "folder_id": "b1gruuo73ondr1kpq56n",
            "id": "enpennel8o686a1fjefd",
            "labels": {},
            "name": "lab-network",
            "subnet_ids": [
              "e9b1l57mp13cpl8nb89b",
              "e9bc9sk320goh36c36bv"
            ],
            "timeouts": null
          },
          "sensitive_attributes": [],
          "private": "eyJlMmJmYjczMC1lY2FhLTExZTYtOGY4OC0zNDM2M2JjN2M0YzAiOnsiY3JlYXRlIjo2MDAwMDAwMDAwMCwiZGVsZXRlIjo2MDAwMDAwMDAwMCwidXBkYXRlIjo2MDAwMDAwMDAwMH19"
        }
      ]
    },
    {
      "mode": "managed",
      "type": "yandex_vpc_subnet",
      "name": "lab-subnet-a",
      "provider": "provider[\"registry.terraform.io/yandex-cloud/yandex\"]",
      "instances": [
        {
          "schema_version": 0,
          "attributes": {
            "created_at": "2023-03-13T18:01:13Z",
            "description": "",
            "dhcp_options": [],
            "folder_id": "b1gruuo73ondr1kpq56n",
            "id": "e9b1l57mp13cpl8nb89b",
            "labels": {},
            "name": "lab-subnet-a",
            "network_id": "enpennel8o686a1fjefd",
            "route_table_id": "",
            "timeouts": null,
            "v4_cidr_blocks": [
              "192.168.10.0/24"
            ],
            "v6_cidr_blocks": [],
            "zone": "ru-central1-a"
          },
          "sensitive_attributes": [],
          "private": "eyJlMmJmYjczMC1lY2FhLTExZTYtOGY4OC0zNDM2M2JjN2M0YzAiOnsiY3JlYXRlIjoxODAwMDAwMDAwMDAsImRlbGV0ZSI6MTgwMDAwMDAwMDAwLCJ1cGRhdGUiOjE4MDAwMDAwMDAwMH19",
          "dependencies": [
            "yandex_vpc_network.labnet"
          ]
        }
      ]
    },
    {
      "mode": "managed",
      "type": "yandex_vpc_subnet",
      "name": "lab-subnet-b",
      "provider": "provider[\"registry.terraform.io/yandex-cloud/yandex\"]",
      "instances": [
        {
          "schema_version": 0,
          "attributes": {
            "created_at": "2023-03-13T19:27:54Z",
            "description": "",
            "dhcp_options": [],
            "folder_id": "b1gruuo73ondr1kpq56n",
            "id": "e9bc9sk320goh36c36bv",
            "labels": {},
            "name": "lab-subnet-b",
            "network_id": "enpennel8o686a1fjefd",
            "route_table_id": "",
            "timeouts": null,
            "v4_cidr_blocks": [
              "192.168.11.0/24"
            ],
            "v6_cidr_blocks": [],
            "zone": "ru-central1-a"
          },
          "sensitive_attributes": [],
          "private": "eyJlMmJmYjczMC1lY2FhLTExZTYtOGY4OC0zNDM2M2JjN2M0YzAiOnsiY3JlYXRlIjoxODAwMDAwMDAwMDAsImRlbGV0ZSI6MTgwMDAwMDAwMDAwLCJ1cGRhdGUiOjE4MDAwMDAwMDAwMH19",
          "dependencies": [
            "yandex_vpc_network.labnet"
          ]
        }
      ]
    }
  ],
  "check_results": null
}
